
Microsoft Visual Studio Solution File, Format Version 12.00
# Visual Studio Version 16
VisualStudioVersion = 16.0.30503.244
MinimumVisualStudioVersion = 10.0.40219.1
Project("{FAE04EC0-301F-11D3-BF4B-00C04F79EFBC}") = "BInary tree Nearest Right Node in the same level", "BInary tree Nearest Right Node in the same level\BInary tree Nearest Right Node in the same level.csproj", "{0FB8EB96-673B-4C2C-B441-FE8DFC94BDF3}"
EndProject
Global
	GlobalSection(SolutionConfigurationPlatforms) = preSolution
		Debug|Any CPU = Debug|Any CPU
		Release|Any CPU = Release|Any CPU
	EndGlobalSection
	GlobalSection(ProjectConfigurationPlatforms) = postSolution
		{0FB8EB96-673B-4C2C-B441-FE8DFC94BDF3}.Debug|Any CPU.ActiveCfg = Debug|Any CPU
		{0FB8EB96-673B-4C2C-B441-FE8DFC94BDF3}.Debug|Any CPU.Build.0 = Debug|Any CPU
		{0FB8EB96-673B-4C2C-B441-FE8DFC94BDF3}.Release|Any CPU.ActiveCfg = Release|Any CPU
		{0FB8EB96-673B-4C2C-B441-FE8DFC94BDF3}.Release|Any CPU.Build.0 = Release|Any CPU
	EndGlobalSection
	GlobalSection(SolutionProperties) = preSolution
		HideSolutionNode = FALSE
	EndGlobalSection
	GlobalSection(ExtensibilityGlobals) = postSolution
		SolutionGuid = {1115C9EF-4BE2-4D5C-BEAC-0AF681531A64}
	EndGlobalSection
EndGlobal
